{
  "name": "defichain-compound",
  "version": "0.4.1",
  "lockfileVersion": 2,
  "requires": true,
  "packages": {
    "": {
      "name": "defichain-compound",
      "version": "0.4.1",
      "license": "MIT",
      "dependencies": {
        "@defichain/jellyfish-api-core": "^2.62.0",
        "@defichain/jellyfish-api-jsonrpc": "^2.62.0",
        "@types/node": "^18.7.22",
        "bignumber.js": "^9.1.0",
        "commander": "^9.4.0",
        "defichain": "^2.58.0",
        "dotenv": "^16.0.2",
        "readline-sync": "^1.4.10",
        "typescript": "^4.8.3",
        "untildify": "^4.0.0"
      },
      "bin": {
        "defichain-compound": "lib/index.js"
      }
    },
    "node_modules/@defichain/jellyfish-api-core": {
      "version": "2.62.0",
      "resolved": "https://registry.npmjs.org/@defichain/jellyfish-api-core/-/jellyfish-api-core-2.62.0.tgz",
      "integrity": "sha512-DPWCAcjV7GA52JgTX8+4tuXxVQ/IsFGOd17hnN9iFaXINKl9ySPGZ5/x3MjC257WMCbLojpZNULqZPsKVqxyEg==",
      "dependencies": {
        "@defichain/jellyfish-json": "2.62.0"
      },
      "peerDependencies": {
        "defichain": "^2.62.0"
      }
    },
    "node_modules/@defichain/jellyfish-api-jsonrpc": {
      "version": "2.62.0",
      "resolved": "https://registry.npmjs.org/@defichain/jellyfish-api-jsonrpc/-/jellyfish-api-jsonrpc-2.62.0.tgz",
      "integrity": "sha512-fZ7TMG6lFINpwOR0rROryjJ+1PR4zYTrxp9aapdWHta7wuO+6f52ZbJz9lNTDMfTMIAa65g2pu7gCBB1S0M3bg==",
      "dependencies": {
        "@defichain/jellyfish-api-core": "2.62.0",
        "abort-controller": "^3.0.0",
        "cross-fetch": "^3.1.5"
      },
      "peerDependencies": {
        "defichain": "^2.62.0"
      }
    },
    "node_modules/@defichain/jellyfish-json": {
      "version": "2.62.0",
      "resolved": "https://registry.npmjs.org/@defichain/jellyfish-json/-/jellyfish-json-2.62.0.tgz",
      "integrity": "sha512-72UCXl/lm8T3Wzh/Phvp6HhVRfZbm0aEnMeKB2tlcjYQgBux8GH5z1a/SnTvlp0oaOY6kWNOjgNDvXMqQ3d7PA==",
      "dependencies": {
        "@types/lossless-json": "^1.0.1",
        "bignumber.js": "^9.0.2",
        "lossless-json": "^1.0.5"
      },
      "peerDependencies": {
        "defichain": "^2.62.0"
      }
    },
    "node_modules/@types/lossless-json": {
      "version": "1.0.1",
      "resolved": "https://registry.npmjs.org/@types/lossless-json/-/lossless-json-1.0.1.tgz",
      "integrity": "sha512-zPE8kmpeL5/6L5gtTQHSOkAW/OSYYNTDRt6/2oEgLO1Zd3Rj5WVDoMloTtLJxQJhZGLGbL4pktKSh3NbzdaWdw=="
    },
    "node_modules/@types/node": {
      "version": "18.7.23",
      "resolved": "https://registry.npmjs.org/@types/node/-/node-18.7.23.tgz",
      "integrity": "sha512-DWNcCHolDq0ZKGizjx2DZjR/PqsYwAcYUJmfMWqtVU2MBMG5Mo+xFZrhGId5r/O5HOuMPyQEcM6KUBp5lBZZBg=="
    },
    "node_modules/abort-controller": {
      "version": "3.0.0",
      "resolved": "https://registry.npmjs.org/abort-controller/-/abort-controller-3.0.0.tgz",
      "integrity": "sha512-h8lQ8tacZYnR3vNQTgibj+tODHI5/+l06Au2Pcriv/Gmet0eaj4TwWH41sO9wnHDiQsEj19q0drzdWdeAHtweg==",
      "dependencies": {
        "event-target-shim": "^5.0.0"
      },
      "engines": {
        "node": ">=6.5"
      }
    },
    "node_modules/bignumber.js": {
      "version": "9.1.0",
      "resolved": "https://registry.npmjs.org/bignumber.js/-/bignumber.js-9.1.0.tgz",
      "integrity": "sha512-4LwHK4nfDOraBCtst+wOWIHbu1vhvAPJK8g8nROd4iuc3PSEjWif/qwbkh8jwCJz6yDBvtU4KPynETgrfh7y3A==",
      "engines": {
        "node": "*"
      }
    },
    "node_modules/commander": {
      "version": "9.4.0",
      "resolved": "https://registry.npmjs.org/commander/-/commander-9.4.0.tgz",
      "integrity": "sha512-sRPT+umqkz90UA8M1yqYfnHlZA7fF6nSphDtxeywPZ49ysjxDQybzk13CL+mXekDRG92skbcqCLVovuCusNmFw==",
      "engines": {
        "node": "^12.20.0 || >=14"
      }
    },
    "node_modules/cross-fetch": {
      "version": "3.1.5",
      "resolved": "https://registry.npmjs.org/cross-fetch/-/cross-fetch-3.1.5.tgz",
      "integrity": "sha512-lvb1SBsI0Z7GDwmuid+mU3kWVBwTVUbe7S0H52yaaAdQOXq2YktTCZdlAcNKFzE6QtRz0snpw9bNiPeOIkkQvw==",
      "dependencies": {
        "node-fetch": "2.6.7"
      }
    },
    "node_modules/defichain": {
      "version": "2.62.0",
      "resolved": "https://registry.npmjs.org/defichain/-/defichain-2.62.0.tgz",
      "integrity": "sha512-TWIUk0ESoDw8skqulvfzX1e9MmHIKoVlHWLF6jgYkuhXiVWzS5iGakZYlJmcSIo9FxQsr8pUWExZTpX9tk+YtA==",
      "engines": {
        "node": ">=v16.17.0"
      }
    },
    "node_modules/dotenv": {
      "version": "16.0.2",
      "resolved": "https://registry.npmjs.org/dotenv/-/dotenv-16.0.2.tgz",
      "integrity": "sha512-JvpYKUmzQhYoIFgK2MOnF3bciIZoItIIoryihy0rIA+H4Jy0FmgyKYAHCTN98P5ybGSJcIFbh6QKeJdtZd1qhA==",
      "engines": {
        "node": ">=12"
      }
    },
    "node_modules/event-target-shim": {
      "version": "5.0.1",
      "resolved": "https://registry.npmjs.org/event-target-shim/-/event-target-shim-5.0.1.tgz",
      "integrity": "sha512-i/2XbnSz/uxRCU6+NdVJgKWDTM427+MqYbkQzD321DuCQJUqOuJKIA0IM2+W2xtYHdKOmZ4dR6fExsd4SXL+WQ==",
      "engines": {
        "node": ">=6"
      }
    },
    "node_modules/lossless-json": {
      "version": "1.0.5",
      "resolved": "https://registry.npmjs.org/lossless-json/-/lossless-json-1.0.5.tgz",
      "integrity": "sha512-RicKUuLwZVNZ6ZdJHgIZnSeA05p8qWc5NW0uR96mpPIjN9WDLUg9+kj1esQU1GkPn9iLZVKatSQK5gyiaFHgJA=="
    },
    "node_modules/node-fetch": {
      "version": "2.6.7",
      "resolved": "https://registry.npmjs.org/node-fetch/-/node-fetch-2.6.7.tgz",
      "integrity": "sha512-ZjMPFEfVx5j+y2yF35Kzx5sF7kDzxuDj6ziH4FFbOp87zKDZNx8yExJIb05OGF4Nlt9IHFIMBkRl41VdvcNdbQ==",
      "dependencies": {
        "whatwg-url": "^5.0.0"
      },
      "engines": {
        "node": "4.x || >=6.0.0"
      },
      "peerDependencies": {
        "encoding": "^0.1.0"
      },
      "peerDependenciesMeta": {
        "encoding": {
          "optional": true
        }
      }
    },
    "node_modules/readline-sync": {
      "version": "1.4.10",
      "resolved": "https://registry.npmjs.org/readline-sync/-/readline-sync-1.4.10.tgz",
      "integrity": "sha512-gNva8/6UAe8QYepIQH/jQ2qn91Qj0B9sYjMBBs3QOB8F2CXcKgLxQaJRP76sWVRQt+QU+8fAkCbCvjjMFu7Ycw==",
      "engines": {
        "node": ">= 0.8.0"
      }
    },
    "node_modules/tr46": {
      "version": "0.0.3",
      "resolved": "https://registry.npmjs.org/tr46/-/tr46-0.0.3.tgz",
      "integrity": "sha512-N3WMsuqV66lT30CrXNbEjx4GEwlow3v6rr4mCcv6prnfwhS01rkgyFdjPNBYd9br7LpXV1+Emh01fHnq2Gdgrw=="
    },
    "node_modules/typescript": {
      "version": "4.8.3",
      "resolved": "https://registry.npmjs.org/typescript/-/typescript-4.8.3.tgz",
      "integrity": "sha512-goMHfm00nWPa8UvR/CPSvykqf6dVV8x/dp0c5mFTMTIu0u0FlGWRioyy7Nn0PGAdHxpJZnuO/ut+PpQ8UiHAig==",
      "bin": {
        "tsc": "bin/tsc",
        "tsserver": "bin/tsserver"
      },
      "engines": {
        "node": ">=4.2.0"
      }
    },
    "node_modules/untildify": {
      "version": "4.0.0",
      "resolved": "https://registry.npmjs.org/untildify/-/untildify-4.0.0.tgz",
      "integrity": "sha512-KK8xQ1mkzZeg9inewmFVDNkg3l5LUhoq9kN6iWYB/CC9YMG8HA+c1Q8HwDe6dEX7kErrEVNVBO3fWsVq5iDgtw==",
      "engines": {
        "node": ">=8"
      }
    },
    "node_modules/webidl-conversions": {
      "version": "3.0.1",
      "resolved": "https://registry.npmjs.org/webidl-conversions/-/webidl-conversions-3.0.1.tgz",
      "integrity": "sha512-2JAn3z8AR6rjK8Sm8orRC0h/bcl/DqL7tRPdGZ4I1CjdF+EaMLmYxBHyXuKL849eucPFhvBoxMsflfOb8kxaeQ=="
    },
    "node_modules/whatwg-url": {
      "version": "5.0.0",
      "resolved": "https://registry.npmjs.org/whatwg-url/-/whatwg-url-5.0.0.tgz",
      "integrity": "sha512-saE57nupxk6v3HY35+jzBwYa0rKSy0XR8JSxZPwgLr7ys0IBzhGviA1/TUGJLmSVqs8pb9AnvICXEuOHLprYTw==",
      "dependencies": {
        "tr46": "~0.0.3",
        "webidl-conversions": "^3.0.0"
      }
    }
  },
  "dependencies": {
    "@defichain/jellyfish-api-core": {
      "version": "2.62.0",
      "resolved": "https://registry.npmjs.org/@defichain/jellyfish-api-core/-/jellyfish-api-core-2.62.0.tgz",
      "integrity": "sha512-DPWCAcjV7GA52JgTX8+4tuXxVQ/IsFGOd17hnN9iFaXINKl9ySPGZ5/x3MjC257WMCbLojpZNULqZPsKVqxyEg==",
      "requires": {
        "@defichain/jellyfish-json": "2.62.0"
      }
    },
    "@defichain/jellyfish-api-jsonrpc": {
      "version": "2.62.0",
      "resolved": "https://registry.npmjs.org/@defichain/jellyfish-api-jsonrpc/-/jellyfish-api-jsonrpc-2.62.0.tgz",
      "integrity": "sha512-fZ7TMG6lFINpwOR0rROryjJ+1PR4zYTrxp9aapdWHta7wuO+6f52ZbJz9lNTDMfTMIAa65g2pu7gCBB1S0M3bg==",
      "requires": {
        "@defichain/jellyfish-api-core": "2.62.0",
        "abort-controller": "^3.0.0",
        "cross-fetch": "^3.1.5"
      }
    },
    "@defichain/jellyfish-json": {
      "version": "2.62.0",
      "resolved": "https://registry.npmjs.org/@defichain/jellyfish-json/-/jellyfish-json-2.62.0.tgz",
      "integrity": "sha512-72UCXl/lm8T3Wzh/Phvp6HhVRfZbm0aEnMeKB2tlcjYQgBux8GH5z1a/SnTvlp0oaOY6kWNOjgNDvXMqQ3d7PA==",
      "requires": {
        "@types/lossless-json": "^1.0.1",
        "bignumber.js": "^9.0.2",
        "lossless-json": "^1.0.5"
      }
    },
    "@types/lossless-json": {
      "version": "1.0.1",
      "resolved": "https://registry.npmjs.org/@types/lossless-json/-/lossless-json-1.0.1.tgz",
      "integrity": "sha512-zPE8kmpeL5/6L5gtTQHSOkAW/OSYYNTDRt6/2oEgLO1Zd3Rj5WVDoMloTtLJxQJhZGLGbL4pktKSh3NbzdaWdw=="
    },
    "@types/node": {
      "version": "18.7.23",
      "resolved": "https://registry.npmjs.org/@types/node/-/node-18.7.23.tgz",
      "integrity": "sha512-DWNcCHolDq0ZKGizjx2DZjR/PqsYwAcYUJmfMWqtVU2MBMG5Mo+xFZrhGId5r/O5HOuMPyQEcM6KUBp5lBZZBg=="
    },
    "abort-controller": {
      "version": "3.0.0",
      "resolved": "https://registry.npmjs.org/abort-controller/-/abort-controller-3.0.0.tgz",
      "integrity": "sha512-h8lQ8tacZYnR3vNQTgibj+tODHI5/+l06Au2Pcriv/Gmet0eaj4TwWH41sO9wnHDiQsEj19q0drzdWdeAHtweg==",
      "requires": {
        "event-target-shim": "^5.0.0"
      }
    },
    "bignumber.js": {
      "version": "9.1.0",
      "resolved": "https://registry.npmjs.org/bignumber.js/-/bignumber.js-9.1.0.tgz",
      "integrity": "sha512-4LwHK4nfDOraBCtst+wOWIHbu1vhvAPJK8g8nROd4iuc3PSEjWif/qwbkh8jwCJz6yDBvtU4KPynETgrfh7y3A=="
    },
    "commander": {
      "version": "9.4.0",
      "resolved": "https://registry.npmjs.org/commander/-/commander-9.4.0.tgz",
      "integrity": "sha512-sRPT+umqkz90UA8M1yqYfnHlZA7fF6nSphDtxeywPZ49ysjxDQybzk13CL+mXekDRG92skbcqCLVovuCusNmFw=="
    },
    "cross-fetch": {
      "version": "3.1.5",
      "resolved": "https://registry.npmjs.org/cross-fetch/-/cross-fetch-3.1.5.tgz",
      "integrity": "sha512-lvb1SBsI0Z7GDwmuid+mU3kWVBwTVUbe7S0H52yaaAdQOXq2YktTCZdlAcNKFzE6QtRz0snpw9bNiPeOIkkQvw==",
      "requires": {
        "node-fetch": "2.6.7"
      }
    },
    "defichain": {
      "version": "2.62.0",
      "resolved": "https://registry.npmjs.org/defichain/-/defichain-2.62.0.tgz",
      "integrity": "sha512-TWIUk0ESoDw8skqulvfzX1e9MmHIKoVlHWLF6jgYkuhXiVWzS5iGakZYlJmcSIo9FxQsr8pUWExZTpX9tk+YtA=="
    },
    "dotenv": {
      "version": "16.0.2",
      "resolved": "https://registry.npmjs.org/dotenv/-/dotenv-16.0.2.tgz",
      "integrity": "sha512-JvpYKUmzQhYoIFgK2MOnF3bciIZoItIIoryihy0rIA+H4Jy0FmgyKYAHCTN98P5ybGSJcIFbh6QKeJdtZd1qhA=="
    },
    "event-target-shim": {
      "version": "5.0.1",
      "resolved": "https://registry.npmjs.org/event-target-shim/-/event-target-shim-5.0.1.tgz",
      "integrity": "sha512-i/2XbnSz/uxRCU6+NdVJgKWDTM427+MqYbkQzD321DuCQJUqOuJKIA0IM2+W2xtYHdKOmZ4dR6fExsd4SXL+WQ=="
    },
    "lossless-json": {
      "version": "1.0.5",
      "resolved": "https://registry.npmjs.org/lossless-json/-/lossless-json-1.0.5.tgz",
      "integrity": "sha512-RicKUuLwZVNZ6ZdJHgIZnSeA05p8qWc5NW0uR96mpPIjN9WDLUg9+kj1esQU1GkPn9iLZVKatSQK5gyiaFHgJA=="
    },
    "node-fetch": {
      "version": "2.6.7",
      "resolved": "https://registry.npmjs.org/node-fetch/-/node-fetch-2.6.7.tgz",
      "integrity": "sha512-ZjMPFEfVx5j+y2yF35Kzx5sF7kDzxuDj6ziH4FFbOp87zKDZNx8yExJIb05OGF4Nlt9IHFIMBkRl41VdvcNdbQ==",
      "requires": {
        "whatwg-url": "^5.0.0"
      }
    },
    "readline-sync": {
      "version": "1.4.10",
      "resolved": "https://registry.npmjs.org/readline-sync/-/readline-sync-1.4.10.tgz",
      "integrity": "sha512-gNva8/6UAe8QYepIQH/jQ2qn91Qj0B9sYjMBBs3QOB8F2CXcKgLxQaJRP76sWVRQt+QU+8fAkCbCvjjMFu7Ycw=="
    },
    "tr46": {
      "version": "0.0.3",
      "resolved": "https://registry.npmjs.org/tr46/-/tr46-0.0.3.tgz",
      "integrity": "sha512-N3WMsuqV66lT30CrXNbEjx4GEwlow3v6rr4mCcv6prnfwhS01rkgyFdjPNBYd9br7LpXV1+Emh01fHnq2Gdgrw=="
    },
    "typescript": {
      "version": "4.8.3",
      "resolved": "https://registry.npmjs.org/typescript/-/typescript-4.8.3.tgz",
      "integrity": "sha512-goMHfm00nWPa8UvR/CPSvykqf6dVV8x/dp0c5mFTMTIu0u0FlGWRioyy7Nn0PGAdHxpJZnuO/ut+PpQ8UiHAig=="
    },
    "untildify": {
      "version": "4.0.0",
      "resolved": "https://registry.npmjs.org/untildify/-/untildify-4.0.0.tgz",
      "integrity": "sha512-KK8xQ1mkzZeg9inewmFVDNkg3l5LUhoq9kN6iWYB/CC9YMG8HA+c1Q8HwDe6dEX7kErrEVNVBO3fWsVq5iDgtw=="
    },
    "webidl-conversions": {
      "version": "3.0.1",
      "resolved": "https://registry.npmjs.org/webidl-conversions/-/webidl-conversions-3.0.1.tgz",
      "integrity": "sha512-2JAn3z8AR6rjK8Sm8orRC0h/bcl/DqL7tRPdGZ4I1CjdF+EaMLmYxBHyXuKL849eucPFhvBoxMsflfOb8kxaeQ=="
    },
    "whatwg-url": {
      "version": "5.0.0",
      "resolved": "https://registry.npmjs.org/whatwg-url/-/whatwg-url-5.0.0.tgz",
      "integrity": "sha512-saE57nupxk6v3HY35+jzBwYa0rKSy0XR8JSxZPwgLr7ys0IBzhGviA1/TUGJLmSVqs8pb9AnvICXEuOHLprYTw==",
      "requires": {
        "tr46": "~0.0.3",
        "webidl-conversions": "^3.0.0"
      }
    }
  }
}
